
Microsoft Visual Studio Solution File, Format Version 12.00
# Visual Studio Version 17
VisualStudioVersion = 17.5.33516.290
MinimumVisualStudioVersion = 10.0.40219.1
Project("{8BC9CEB8-8B4A-11D0-8D11-00A0C91BC942}") = "基于多态的职工管理系统2", "基于多态的职工管理系统2\基于多态的职工管理系统2.vcxproj", "{FEDC8C28-9AE8-4CE0-8DEF-B04EC81D47D3}"
EndProject
Global
	GlobalSection(SolutionConfigurationPlatforms) = preSolution
		Debug|x64 = Debug|x64
		Debug|x86 = Debug|x86
		Release|x64 = Release|x64
		Release|x86 = Release|x86
	EndGlobalSection
	GlobalSection(ProjectConfigurationPlatforms) = postSolution
		{FEDC8C28-9AE8-4CE0-8DEF-B04EC81D47D3}.Debug|x64.ActiveCfg = Debug|x64
		{FEDC8C28-9AE8-4CE0-8DEF-B04EC81D47D3}.Debug|x64.Build.0 = Debug|x64
		{FEDC8C28-9AE8-4CE0-8DEF-B04EC81D47D3}.Debug|x86.ActiveCfg = Debug|Win32
		{FEDC8C28-9AE8-4CE0-8DEF-B04EC81D47D3}.Debug|x86.Build.0 = Debug|Win32
		{FEDC8C28-9AE8-4CE0-8DEF-B04EC81D47D3}.Release|x64.ActiveCfg = Release|x64
		{FEDC8C28-9AE8-4CE0-8DEF-B04EC81D47D3}.Release|x64.Build.0 = Release|x64
		{FEDC8C28-9AE8-4CE0-8DEF-B04EC81D47D3}.Release|x86.ActiveCfg = Release|Win32
		{FEDC8C28-9AE8-4CE0-8DEF-B04EC81D47D3}.Release|x86.Build.0 = Release|Win32
	EndGlobalSection
	GlobalSection(SolutionProperties) = preSolution
		HideSolutionNode = FALSE
	EndGlobalSection
	GlobalSection(ExtensibilityGlobals) = postSolution
		SolutionGuid = {9244D7CA-52C0-47F8-B533-0691EC83E827}
	EndGlobalSection
EndGlobal
